// !$*UTF8*$!
{
	archiveVersion = 1;
	classes = {
	};
	objectVersion = 50;
	objects = {

/* Begin PBXBuildFile section */
		3E12C72D3E715BEC3BFB17EA /* libPods-EduCare.a in Frameworks */ = {isa = PBXBuildFile; fileRef = AAAD1CF3F9DC96A07D358011 /* libPods-EduCare.a */; };
		A320EBC224D4A91B00737CCE /* AppDelegate.swift in Sources */ = {isa = PBXBuildFile; fileRef = A320EBC124D4A91B00737CCE /* AppDelegate.swift */; };
		A320EBC424D4A91B00737CCE /* SceneDelegate.swift in Sources */ = {isa = PBXBuildFile; fileRef = A320EBC324D4A91B00737CCE /* SceneDelegate.swift */; };
		A320EBC624D4A91B00737CCE /* ViewController.swift in Sources */ = {isa = PBXBuildFile; fileRef = A320EBC524D4A91B00737CCE /* ViewController.swift */; };
		A320EBC924D4A91B00737CCE /* Main.storyboard in Resources */ = {isa = PBXBuildFile; fileRef = A320EBC724D4A91B00737CCE /* Main.storyboard */; };
		A320EBCE24D4A91C00737CCE /* LaunchScreen.storyboard in Resources */ = {isa = PBXBuildFile; fileRef = A320EBCC24D4A91C00737CCE /* LaunchScreen.storyboard */; };
		A320EBD924D4A91C00737CCE /* EduCareTests.swift in Sources */ = {isa = PBXBuildFile; fileRef = A320EBD824D4A91C00737CCE /* EduCareTests.swift */; };
		A320EBE424D4A91C00737CCE /* EduCareUITests.swift in Sources */ = {isa = PBXBuildFile; fileRef = A320EBE324D4A91C00737CCE /* EduCareUITests.swift */; };
		A32D826224D5BCDE004EC51A /* SignUpVC.swift in Sources */ = {isa = PBXBuildFile; fileRef = A32D826124D5BCDE004EC51A /* SignUpVC.swift */; };
		A32D826424D5BFFA004EC51A /* GoogleService-Info.plist in Resources */ = {isa = PBXBuildFile; fileRef = A32D826324D5BFFA004EC51A /* GoogleService-Info.plist */; };
		A348598224D89B9F009CA530 /* Assets.xcassets in Resources */ = {isa = PBXBuildFile; fileRef = A348598124D89B9F009CA530 /* Assets.xcassets */; };
		A348598424D8F4E9009CA530 /* ProfileSVC.swift in Sources */ = {isa = PBXBuildFile; fileRef = A348598324D8F4E9009CA530 /* ProfileSVC.swift */; };
		A348598624D8F4FA009CA530 /* ProfileEVC.swift in Sources */ = {isa = PBXBuildFile; fileRef = A348598524D8F4FA009CA530 /* ProfileEVC.swift */; };
		A348598824D8F50F009CA530 /* SettingsSVC.swift in Sources */ = {isa = PBXBuildFile; fileRef = A348598724D8F50F009CA530 /* SettingsSVC.swift */; };
		A348598A24D8F521009CA530 /* SettingsEVC.swift in Sources */ = {isa = PBXBuildFile; fileRef = A348598924D8F521009CA530 /* SettingsEVC.swift */; };
		A348598C24D8F542009CA530 /* SearchSVC.swift in Sources */ = {isa = PBXBuildFile; fileRef = A348598B24D8F542009CA530 /* SearchSVC.swift */; };
		A348599024D8F589009CA530 /* ClassesEVC.swift in Sources */ = {isa = PBXBuildFile; fileRef = A348598F24D8F589009CA530 /* ClassesEVC.swift */; };
		A348599624D8F669009CA530 /* AddClassVC.swift in Sources */ = {isa = PBXBuildFile; fileRef = A348599524D8F669009CA530 /* AddClassVC.swift */; };
		CDC8C690CAF1AA984B666611 /* libPods-EduCareTests.a in Frameworks */ = {isa = PBXBuildFile; fileRef = FD54C92606F511BE800A3946 /* libPods-EduCareTests.a */; };
		E9A1A3E62B8B271CE4FE7682 /* libPods-EduCare-EduCareUITests.a in Frameworks */ = {isa = PBXBuildFile; fileRef = BE82976B17BD1BBF0F80513D /* libPods-EduCare-EduCareUITests.a */; };
/* End PBXBuildFile section */

/* Begin PBXContainerItemProxy section */
		A320EBD524D4A91C00737CCE /* PBXContainerItemProxy */ = {
			isa = PBXContainerItemProxy;
			containerPortal = A320EBB624D4A91B00737CCE /* Project object */;
			proxyType = 1;
			remoteGlobalIDString = A320EBBD24D4A91B00737CCE;
			remoteInfo = EduCare;
		};
		A320EBE024D4A91C00737CCE /* PBXContainerItemProxy */ = {
			isa = PBXContainerItemProxy;
			containerPortal = A320EBB624D4A91B00737CCE /* Project object */;
			proxyType = 1;
			remoteGlobalIDString = A320EBBD24D4A91B00737CCE;
			remoteInfo = EduCare;
		};
/* End PBXContainerItemProxy section */

/* Begin PBXFileReference section */
		00767A82BF5C54D2803E7492 /* Pods-EduCare.release.xcconfig */ = {isa = PBXFileReference; includeInIndex = 1; lastKnownFileType = text.xcconfig; name = "Pods-EduCare.release.xcconfig"; path = "Target Support Files/Pods-EduCare/Pods-EduCare.release.xcconfig"; sourceTree = "<group>"; };
		5EB9855AD6BBB4587AB8A5B8 /* Pods-EduCare.debug.xcconfig */ = {isa = PBXFileReference; includeInIndex = 1; lastKnownFileType = text.xcconfig; name = "Pods-EduCare.debug.xcconfig"; path = "Target Support Files/Pods-EduCare/Pods-EduCare.debug.xcconfig"; sourceTree = "<group>"; };
		5F069E6F1D059FEB5526EF23 /* Pods-EduCare-EduCareUITests.debug.xcconfig */ = {isa = PBXFileReference; includeInIndex = 1; lastKnownFileType = text.xcconfig; name = "Pods-EduCare-EduCareUITests.debug.xcconfig"; path = "Target Support Files/Pods-EduCare-EduCareUITests/Pods-EduCare-EduCareUITests.debug.xcconfig"; sourceTree = "<group>"; };
		662BAA60B62DA09EBBA25251 /* Pods-EduCare-EduCareUITests.release.xcconfig */ = {isa = PBXFileReference; includeInIndex = 1; lastKnownFileType = text.xcconfig; name = "Pods-EduCare-EduCareUITests.release.xcconfig"; path = "Target Support Files/Pods-EduCare-EduCareUITests/Pods-EduCare-EduCareUITests.release.xcconfig"; sourceTree = "<group>"; };
		7D390D4B729C484F811E3371 /* Pods-EduCareTests.debug.xcconfig */ = {isa = PBXFileReference; includeInIndex = 1; lastKnownFileType = text.xcconfig; name = "Pods-EduCareTests.debug.xcconfig"; path = "Target Support Files/Pods-EduCareTests/Pods-EduCareTests.debug.xcconfig"; sourceTree = "<group>"; };
		A320EBBE24D4A91B00737CCE /* EduCare.app */ = {isa = PBXFileReference; explicitFileType = wrapper.application; includeInIndex = 0; path = EduCare.app; sourceTree = BUILT_PRODUCTS_DIR; };
		A320EBC124D4A91B00737CCE /* AppDelegate.swift */ = {isa = PBXFileReference; lastKnownFileType = sourcecode.swift; path = AppDelegate.swift; sourceTree = "<group>"; };
		A320EBC324D4A91B00737CCE /* SceneDelegate.swift */ = {isa = PBXFileReference; lastKnownFileType = sourcecode.swift; path = SceneDelegate.swift; sourceTree = "<group>"; };
		A320EBC524D4A91B00737CCE /* ViewController.swift */ = {isa = PBXFileReference; lastKnownFileType = sourcecode.swift; path = ViewController.swift; sourceTree = "<group>"; };
		A320EBC824D4A91B00737CCE /* Base */ = {isa = PBXFileReference; lastKnownFileType = file.storyboard; name = Base; path = Base.lproj/Main.storyboard; sourceTree = "<group>"; };
		A320EBCD24D4A91C00737CCE /* Base */ = {isa = PBXFileReference; lastKnownFileType = file.storyboard; name = Base; path = Base.lproj/LaunchScreen.storyboard; sourceTree = "<group>"; };
		A320EBCF24D4A91C00737CCE /* Info.plist */ = {isa = PBXFileReference; lastKnownFileType = text.plist.xml; path = Info.plist; sourceTree = "<group>"; };
		A320EBD424D4A91C00737CCE /* EduCareTests.xctest */ = {isa = PBXFileReference; explicitFileType = wrapper.cfbundle; includeInIndex = 0; path = EduCareTests.xctest; sourceTree = BUILT_PRODUCTS_DIR; };
		A320EBD824D4A91C00737CCE /* EduCareTests.swift */ = {isa = PBXFileReference; lastKnownFileType = sourcecode.swift; path = EduCareTests.swift; sourceTree = "<group>"; };
		A320EBDA24D4A91C00737CCE /* Info.plist */ = {isa = PBXFileReference; lastKnownFileType = text.plist.xml; path = Info.plist; sourceTree = "<group>"; };
		A320EBDF24D4A91C00737CCE /* EduCareUITests.xctest */ = {isa = PBXFileReference; explicitFileType = wrapper.cfbundle; includeInIndex = 0; path = EduCareUITests.xctest; sourceTree = BUILT_PRODUCTS_DIR; };
		A320EBE324D4A91C00737CCE /* EduCareUITests.swift */ = {isa = PBXFileReference; lastKnownFileType = sourcecode.swift; path = EduCareUITests.swift; sourceTree = "<group>"; };
		A320EBE524D4A91C00737CCE /* Info.plist */ = {isa = PBXFileReference; lastKnownFileType = text.plist.xml; path = Info.plist; sourceTree = "<group>"; };
		A32D826124D5BCDE004EC51A /* SignUpVC.swift */ = {isa = PBXFileReference; lastKnownFileType = sourcecode.swift; path = SignUpVC.swift; sourceTree = "<group>"; };
		A32D826324D5BFFA004EC51A /* GoogleService-Info.plist */ = {isa = PBXFileReference; fileEncoding = 4; lastKnownFileType = text.plist.xml; path = "GoogleService-Info.plist"; sourceTree = "<group>"; };
		A348598124D89B9F009CA530 /* Assets.xcassets */ = {isa = PBXFileReference; lastKnownFileType = folder.assetcatalog; path = Assets.xcassets; sourceTree = "<group>"; };
		A348598324D8F4E9009CA530 /* ProfileSVC.swift */ = {isa = PBXFileReference; lastKnownFileType = sourcecode.swift; path = ProfileSVC.swift; sourceTree = "<group>"; };
		A348598524D8F4FA009CA530 /* ProfileEVC.swift */ = {isa = PBXFileReference; lastKnownFileType = sourcecode.swift; path = ProfileEVC.swift; sourceTree = "<group>"; };
		A348598724D8F50F009CA530 /* SettingsSVC.swift */ = {isa = PBXFileReference; lastKnownFileType = sourcecode.swift; path = SettingsSVC.swift; sourceTree = "<group>"; };
		A348598924D8F521009CA530 /* SettingsEVC.swift */ = {isa = PBXFileReference; lastKnownFileType = sourcecode.swift; path = SettingsEVC.swift; sourceTree = "<group>"; };
		A348598B24D8F542009CA530 /* SearchSVC.swift */ = {isa = PBXFileReference; lastKnownFileType = sourcecode.swift; path = SearchSVC.swift; sourceTree = "<group>"; };
		A348598F24D8F589009CA530 /* ClassesEVC.swift */ = {isa = PBXFileReference; lastKnownFileType = sourcecode.swift; path = ClassesEVC.swift; sourceTree = "<group>"; };
		A348599524D8F669009CA530 /* AddClassVC.swift */ = {isa = PBXFileReference; lastKnownFileType = sourcecode.swift; path = AddClassVC.swift; sourceTree = "<group>"; };
		AAAD1CF3F9DC96A07D358011 /* libPods-EduCare.a */ = {isa = PBXFileReference; explicitFileType = archive.ar; includeInIndex = 0; path = "libPods-EduCare.a"; sourceTree = BUILT_PRODUCTS_DIR; };
		BE82976B17BD1BBF0F80513D /* libPods-EduCare-EduCareUITests.a */ = {isa = PBXFileReference; explicitFileType = archive.ar; includeInIndex = 0; path = "libPods-EduCare-EduCareUITests.a"; sourceTree = BUILT_PRODUCTS_DIR; };
		F0F9E25EF7B0B89898FBCC92 /* Pods-EduCareTests.release.xcconfig */ = {isa = PBXFileReference; includeInIndex = 1; lastKnownFileType = text.xcconfig; name = "Pods-EduCareTests.release.xcconfig"; path = "Target Support Files/Pods-EduCareTests/Pods-EduCareTests.release.xcconfig"; sourceTree = "<group>"; };
		FD54C92606F511BE800A3946 /* libPods-EduCareTests.a */ = {isa = PBXFileReference; explicitFileType = archive.ar; includeInIndex = 0; path = "libPods-EduCareTests.a"; sourceTree = BUILT_PRODUCTS_DIR; };
/* End PBXFileReference section */

/* Begin PBXFrameworksBuildPhase section */
		A320EBBB24D4A91B00737CCE /* Frameworks */ = {
			isa = PBXFrameworksBuildPhase;
			buildActionMask = 2147483647;
			files = (
				3E12C72D3E715BEC3BFB17EA /* libPods-EduCare.a in Frameworks */,
			);
			runOnlyForDeploymentPostprocessing = 0;
		};
		A320EBD124D4A91C00737CCE /* Frameworks */ = {
			isa = PBXFrameworksBuildPhase;
			buildActionMask = 2147483647;
			files = (
				CDC8C690CAF1AA984B666611 /* libPods-EduCareTests.a in Frameworks */,
			);
			runOnlyForDeploymentPostprocessing = 0;
		};
		A320EBDC24D4A91C00737CCE /* Frameworks */ = {
			isa = PBXFrameworksBuildPhase;
			buildActionMask = 2147483647;
			files = (
				E9A1A3E62B8B271CE4FE7682 /* libPods-EduCare-EduCareUITests.a in Frameworks */,
			);
			runOnlyForDeploymentPostprocessing = 0;
		};
/* End PBXFrameworksBuildPhase section */

/* Begin PBXGroup section */
		04C8E1820F550E092B054704 /* Pods */ = {
			isa = PBXGroup;
			children = (
				5EB9855AD6BBB4587AB8A5B8 /* Pods-EduCare.debug.xcconfig */,
				00767A82BF5C54D2803E7492 /* Pods-EduCare.release.xcconfig */,
				5F069E6F1D059FEB5526EF23 /* Pods-EduCare-EduCareUITests.debug.xcconfig */,
				662BAA60B62DA09EBBA25251 /* Pods-EduCare-EduCareUITests.release.xcconfig */,
				7D390D4B729C484F811E3371 /* Pods-EduCareTests.debug.xcconfig */,
				F0F9E25EF7B0B89898FBCC92 /* Pods-EduCareTests.release.xcconfig */,
			);
			path = Pods;
			sourceTree = "<group>";
		};
		A320EBB524D4A91B00737CCE = {
			isa = PBXGroup;
			children = (
				A320EBC024D4A91B00737CCE /* EduCare */,
				A320EBD724D4A91C00737CCE /* EduCareTests */,
				A320EBE224D4A91C00737CCE /* EduCareUITests */,
				A320EBBF24D4A91B00737CCE /* Products */,
				04C8E1820F550E092B054704 /* Pods */,
				A372E7A650D5BF16E7FEB55D /* Frameworks */,
			);
			sourceTree = "<group>";
		};
		A320EBBF24D4A91B00737CCE /* Products */ = {
			isa = PBXGroup;
			children = (
				A320EBBE24D4A91B00737CCE /* EduCare.app */,
				A320EBD424D4A91C00737CCE /* EduCareTests.xctest */,
				A320EBDF24D4A91C00737CCE /* EduCareUITests.xctest */,
			);
			name = Products;
			sourceTree = "<group>";
		};
		A320EBC024D4A91B00737CCE /* EduCare */ = {
			isa = PBXGroup;
			children = (
				A320EBC124D4A91B00737CCE /* AppDelegate.swift */,
				A320EBC324D4A91B00737CCE /* SceneDelegate.swift */,
				A32D826124D5BCDE004EC51A /* SignUpVC.swift */,
				A348598124D89B9F009CA530 /* Assets.xcassets */,
				A320EBC524D4A91B00737CCE /* ViewController.swift */,
				A320EBC724D4A91B00737CCE /* Main.storyboard */,
				A320EBCC24D4A91C00737CCE /* LaunchScreen.storyboard */,
				A320EBCF24D4A91C00737CCE /* Info.plist */,
				A348598524D8F4FA009CA530 /* ProfileEVC.swift */,
				A348598924D8F521009CA530 /* SettingsEVC.swift */,
				A348598B24D8F542009CA530 /* SearchSVC.swift */,
				A348598F24D8F589009CA530 /* ClassesEVC.swift */,
				A348598724D8F50F009CA530 /* SettingsSVC.swift */,
				A348598324D8F4E9009CA530 /* ProfileSVC.swift */,
				A348599524D8F669009CA530 /* AddClassVC.swift */,
				A32D826324D5BFFA004EC51A /* GoogleService-Info.plist */,
			);
			path = EduCare;
			sourceTree = "<group>";
		};
		A320EBD724D4A91C00737CCE /* EduCareTests */ = {
			isa = PBXGroup;
			children = (
				A320EBD824D4A91C00737CCE /* EduCareTests.swift */,
				A320EBDA24D4A91C00737CCE /* Info.plist */,
			);
			path = EduCareTests;
			sourceTree = "<group>";
		};
		A320EBE224D4A91C00737CCE /* EduCareUITests */ = {
			isa = PBXGroup;
			children = (
				A320EBE324D4A91C00737CCE /* EduCareUITests.swift */,
				A320EBE524D4A91C00737CCE /* Info.plist */,
			);
			path = EduCareUITests;
			sourceTree = "<group>";
		};
		A372E7A650D5BF16E7FEB55D /* Frameworks */ = {
			isa = PBXGroup;
			children = (
				AAAD1CF3F9DC96A07D358011 /* libPods-EduCare.a */,
				BE82976B17BD1BBF0F80513D /* libPods-EduCare-EduCareUITests.a */,
				FD54C92606F511BE800A3946 /* libPods-EduCareTests.a */,
			);
			name = Frameworks;
			sourceTree = "<group>";
		};
/* End PBXGroup section */

/* Begin PBXNativeTarget section */
		A320EBBD24D4A91B00737CCE /* EduCare */ = {
			isa = PBXNativeTarget;
			buildConfigurationList = A320EBE824D4A91C00737CCE /* Build configuration list for PBXNativeTarget "EduCare" */;
			buildPhases = (
				AD4EB6141C974C8F42462D37 /* [CP] Check Pods Manifest.lock */,
				A320EBBA24D4A91B00737CCE /* Sources */,
				A320EBBB24D4A91B00737CCE /* Frameworks */,
				A320EBBC24D4A91B00737CCE /* Resources */,
			);
			buildRules = (
			);
			dependencies = (
			);
			name = EduCare;
			productName = EduCare;
			productReference = A320EBBE24D4A91B00737CCE /* EduCare.app */;
			productType = "com.apple.product-type.application";
		};
		A320EBD324D4A91C00737CCE /* EduCareTests */ = {
			isa = PBXNativeTarget;
			buildConfigurationList = A320EBEB24D4A91C00737CCE /* Build configuration list for PBXNativeTarget "EduCareTests" */;
			buildPhases = (
				4E2CFFF67B6D12DAAEF1CC83 /* [CP] Check Pods Manifest.lock */,
				A320EBD024D4A91C00737CCE /* Sources */,
				A320EBD124D4A91C00737CCE /* Frameworks */,
				A320EBD224D4A91C00737CCE /* Resources */,
			);
			buildRules = (
			);
			dependencies = (
				A320EBD624D4A91C00737CCE /* PBXTargetDependency */,
			);
			name = EduCareTests;
			productName = EduCareTests;
			productReference = A320EBD424D4A91C00737CCE /* EduCareTests.xctest */;
			productType = "com.apple.product-type.bundle.unit-test";
		};
		A320EBDE24D4A91C00737CCE /* EduCareUITests */ = {
			isa = PBXNativeTarget;
			buildConfigurationList = A320EBEE24D4A91C00737CCE /* Build configuration list for PBXNativeTarget "EduCareUITests" */;
			buildPhases = (
				009C26771DE5190A08030533 /* [CP] Check Pods Manifest.lock */,
				A320EBDB24D4A91C00737CCE /* Sources */,
				A320EBDC24D4A91C00737CCE /* Frameworks */,
				A320EBDD24D4A91C00737CCE /* Resources */,
			);
			buildRules = (
			);
			dependencies = (
				A320EBE124D4A91C00737CCE /* PBXTargetDependency */,
			);
			name = EduCareUITests;
			productName = EduCareUITests;
			productReference = A320EBDF24D4A91C00737CCE /* EduCareUITests.xctest */;
			productType = "com.apple.product-type.bundle.ui-testing";
		};
/* End PBXNativeTarget section */

/* Begin PBXProject section */
		A320EBB624D4A91B00737CCE /* Project object */ = {
			isa = PBXProject;
			attributes = {
				LastSwiftUpdateCheck = 1160;
				LastUpgradeCheck = 1160;
				ORGANIZATIONNAME = "Sejal Kanikaram";
				TargetAttributes = {
					A320EBBD24D4A91B00737CCE = {
						CreatedOnToolsVersion = 11.6;
					};
					A320EBD324D4A91C00737CCE = {
						CreatedOnToolsVersion = 11.6;
						TestTargetID = A320EBBD24D4A91B00737CCE;
					};
					A320EBDE24D4A91C00737CCE = {
						CreatedOnToolsVersion = 11.6;
						TestTargetID = A320EBBD24D4A91B00737CCE;
					};
				};
			};
			buildConfigurationList = A320EBB924D4A91B00737CCE /* Build configuration list for PBXProject "EduCare" */;
			compatibilityVersion = "Xcode 9.3";
			developmentRegion = en;
			hasScannedForEncodings = 0;
			knownRegions = (
				en,
				Base,
			);
			mainGroup = A320EBB524D4A91B00737CCE;
			productRefGroup = A320EBBF24D4A91B00737CCE /* Products */;
			projectDirPath = "";
			projectRoot = "";
			targets = (
				A320EBBD24D4A91B00737CCE /* EduCare */,
				A320EBD324D4A91C00737CCE /* EduCareTests */,
				A320EBDE24D4A91C00737CCE /* EduCareUITests */,
			);
		};
/* End PBXProject section */

/* Begin PBXResourcesBuildPhase section */
		A320EBBC24D4A91B00737CCE /* Resources */ = {
			isa = PBXResourcesBuildPhase;
			buildActionMask = 2147483647;
			files = (
				A320EBCE24D4A91C00737CCE /* LaunchScreen.storyboard in Resources */,
				A32D826424D5BFFA004EC51A /* GoogleService-Info.plist in Resources */,
				A348598224D89B9F009CA530 /* Assets.xcassets in Resources */,
				A320EBC924D4A91B00737CCE /* Main.storyboard in Resources */,
			);
			runOnlyForDeploymentPostprocessing = 0;
		};
		A320EBD224D4A91C00737CCE /* Resources */ = {
			isa = PBXResourcesBuildPhase;
			buildActionMask = 2147483647;
			files = (
			);
			runOnlyForDeploymentPostprocessing = 0;
		};
		A320EBDD24D4A91C00737CCE /* Resources */ = {
			isa = PBXResourcesBuildPhase;
			buildActionMask = 2147483647;
			files = (
			);
			runOnlyForDeploymentPostprocessing = 0;
		};
/* End PBXResourcesBuildPhase section */

/* Begin PBXShellScriptBuildPhase section */
		009C26771DE5190A08030533 /* [CP] Check Pods Manifest.lock */ = {
			isa = PBXShellScriptBuildPhase;
			buildActionMask = 2147483647;
			files = (
			);
			inputFileListPaths = (
			);
			inputPaths = (
				"${PODS_PODFILE_DIR_PATH}/Podfile.lock",
				"${PODS_ROOT}/Manifest.lock",
			);
			name = "[CP] Check Pods Manifest.lock";
			outputFileListPaths = (
			);
			outputPaths = (
				"$(DERIVED_FILE_DIR)/Pods-EduCare-EduCareUITests-checkManifestLockResult.txt",
			);
			runOnlyForDeploymentPostprocessing = 0;
			shellPath = /bin/sh;
			shellScript = "diff \"${PODS_PODFILE_DIR_PATH}/Podfile.lock\" \"${PODS_ROOT}/Manifest.lock\" > /dev/null\nif [ $? != 0 ] ; then\n    # print error to STDERR\n    echo \"error: The sandbox is not in sync with the Podfile.lock. Run 'pod install' or update your CocoaPods installation.\" >&2\n    exit 1\nfi\n# This output is used by Xcode 'outputs' to avoid re-running this script phase.\necho \"SUCCESS\" > \"${SCRIPT_OUTPUT_FILE_0}\"\n";
			showEnvVarsInLog = 0;
		};
		4E2CFFF67B6D12DAAEF1CC83 /* [CP] Check Pods Manifest.lock */ = {
			isa = PBXShellScriptBuildPhase;
			buildActionMask = 2147483647;
			files = (
			);
			inputFileListPaths = (
			);
			inputPaths = (
				"${PODS_PODFILE_DIR_PATH}/Podfile.lock",
				"${PODS_ROOT}/Manifest.lock",
			);
			name = "[CP] Check Pods Manifest.lock";
			outputFileListPaths = (
			);
			outputPaths = (
				"$(DERIVED_FILE_DIR)/Pods-EduCareTests-checkManifestLockResult.txt",
			);
			runOnlyForDeploymentPostprocessing = 0;
			shellPath = /bin/sh;
			shellScript = "diff \"${PODS_PODFILE_DIR_PATH}/Podfile.lock\" \"${PODS_ROOT}/Manifest.lock\" > /dev/null\nif [ $? != 0 ] ; then\n    # print error to STDERR\n    echo \"error: The sandbox is not in sync with the Podfile.lock. Run 'pod install' or update your CocoaPods installation.\" >&2\n    exit 1\nfi\n# This output is used by Xcode 'outputs' to avoid re-running this script phase.\necho \"SUCCESS\" > \"${SCRIPT_OUTPUT_FILE_0}\"\n";
			showEnvVarsInLog = 0;
		};
		AD4EB6141C974C8F42462D37 /* [CP] Check Pods Manifest.lock */ = {
			isa = PBXShellScriptBuildPhase;
			buildActionMask = 2147483647;
			files = (
			);
			inputFileListPaths = (
			);
			inputPaths = (
				"${PODS_PODFILE_DIR_PATH}/Podfile.lock",
				"${PODS_ROOT}/Manifest.lock",
			);
			name = "[CP] Check Pods Manifest.lock";
			outputFileListPaths = (
			);
			outputPaths = (
				"$(DERIVED_FILE_DIR)/Pods-EduCare-checkManifestLockResult.txt",
			);
			runOnlyForDeploymentPostprocessing = 0;
			shellPath = /bin/sh;
			shellScript = "diff \"${PODS_PODFILE_DIR_PATH}/Podfile.lock\" \"${PODS_ROOT}/Manifest.lock\" > /dev/null\nif [ $? != 0 ] ; then\n    # print error to STDERR\n    echo \"error: The sandbox is not in sync with the Podfile.lock. Run 'pod install' or update your CocoaPods installation.\" >&2\n    exit 1\nfi\n# This output is used by Xcode 'outputs' to avoid re-running this script phase.\necho \"SUCCESS\" > \"${SCRIPT_OUTPUT_FILE_0}\"\n";
			showEnvVarsInLog = 0;
		};
/* End PBXShellScriptBuildPhase section */

/* Begin PBXSourcesBuildPhase section */
		A320EBBA24D4A91B00737CCE /* Sources */ = {
			isa = PBXSourcesBuildPhase;
			buildActionMask = 2147483647;
			files = (
				A348598624D8F4FA009CA530 /* ProfileEVC.swift in Sources */,
				A32D826224D5BCDE004EC51A /* SignUpVC.swift in Sources */,
				A348598424D8F4E9009CA530 /* ProfileSVC.swift in Sources */,
				A320EBC624D4A91B00737CCE /* ViewController.swift in Sources */,
				A348599024D8F589009CA530 /* ClassesEVC.swift in Sources */,
				A320EBC224D4A91B00737CCE /* AppDelegate.swift in Sources */,
				A348598C24D8F542009CA530 /* SearchSVC.swift in Sources */,
				A320EBC424D4A91B00737CCE /* SceneDelegate.swift in Sources */,
				A348598824D8F50F009CA530 /* SettingsSVC.swift in Sources */,
				A348599624D8F669009CA530 /* AddClassVC.swift in Sources */,
				A348598A24D8F521009CA530 /* SettingsEVC.swift in Sources */,
			);
			runOnlyForDeploymentPostprocessing = 0;
		};
		A320EBD024D4A91C00737CCE /* Sources */ = {
			isa = PBXSourcesBuildPhase;
			buildActionMask = 2147483647;
			files = (
				A320EBD924D4A91C00737CCE /* EduCareTests.swift in Sources */,
			);
			runOnlyForDeploymentPostprocessing = 0;
		};
		A320EBDB24D4A91C00737CCE /* Sources */ = {
			isa = PBXSourcesBuildPhase;
			buildActionMask = 2147483647;
			files = (
				A320EBE424D4A91C00737CCE /* EduCareUITests.swift in Sources */,
			);
			runOnlyForDeploymentPostprocessing = 0;
		};
/* End PBXSourcesBuildPhase section */

/* Begin PBXTargetDependency section */
		A320EBD624D4A91C00737CCE /* PBXTargetDependency */ = {
			isa = PBXTargetDependency;
			target = A320EBBD24D4A91B00737CCE /* EduCare */;
			targetProxy = A320EBD524D4A91C00737CCE /* PBXContainerItemProxy */;
		};
		A320EBE124D4A91C00737CCE /* PBXTargetDependency */ = {
			isa = PBXTargetDependency;
			target = A320EBBD24D4A91B00737CCE /* EduCare */;
			targetProxy = A320EBE024D4A91C00737CCE /* PBXContainerItemProxy */;
		};
/* End PBXTargetDependency section */

/* Begin PBXVariantGroup section */
		A320EBC724D4A91B00737CCE /* Main.storyboard */ = {
			isa = PBXVariantGroup;
			children = (
				A320EBC824D4A91B00737CCE /* Base */,
			);
			name = Main.storyboard;
			sourceTree = "<group>";
		};
		A320EBCC24D4A91C00737CCE /* LaunchScreen.storyboard */ = {
			isa = PBXVariantGroup;
			children = (
				A320EBCD24D4A91C00737CCE /* Base */,
			);
			name = LaunchScreen.storyboard;
			sourceTree = "<group>";
		};
/* End PBXVariantGroup section */

/* Begin XCBuildConfiguration section */
		A320EBE624D4A91C00737CCE /* Debug */ = {
			isa = XCBuildConfiguration;
			buildSettings = {
				ALWAYS_SEARCH_USER_PATHS = NO;
				CLANG_ANALYZER_NONNULL = YES;
				CLANG_ANALYZER_NUMBER_OBJECT_CONVERSION = YES_AGGRESSIVE;
				CLANG_CXX_LANGUAGE_STANDARD = "gnu++14";
				CLANG_CXX_LIBRARY = "libc++";
				CLANG_ENABLE_MODULES = YES;
				CLANG_ENABLE_OBJC_ARC = YES;
				CLANG_ENABLE_OBJC_WEAK = YES;
				CLANG_WARN_BLOCK_CAPTURE_AUTORELEASING = YES;
				CLANG_WARN_BOOL_CONVERSION = YES;
				CLANG_WARN_COMMA = YES;
				CLANG_WARN_CONSTANT_CONVERSION = YES;
				CLANG_WARN_DEPRECATED_OBJC_IMPLEMENTATIONS = YES;
				CLANG_WARN_DIRECT_OBJC_ISA_USAGE = YES_ERROR;
				CLANG_WARN_DOCUMENTATION_COMMENTS = YES;
				CLANG_WARN_EMPTY_BODY = YES;
				CLANG_WARN_ENUM_CONVERSION = YES;
				CLANG_WARN_INFINITE_RECURSION = YES;
				CLANG_WARN_INT_CONVERSION = YES;
				CLANG_WARN_NON_LITERAL_NULL_CONVERSION = YES;
				CLANG_WARN_OBJC_IMPLICIT_RETAIN_SELF = YES;
				CLANG_WARN_OBJC_LITERAL_CONVERSION = YES;
				CLANG_WARN_OBJC_ROOT_CLASS = YES_ERROR;
				CLANG_WARN_RANGE_LOOP_ANALYSIS = YES;
				CLANG_WARN_STRICT_PROTOTYPES = YES;
				CLANG_WARN_SUSPICIOUS_MOVE = YES;
				CLANG_WARN_UNGUARDED_AVAILABILITY = YES_AGGRESSIVE;
				CLANG_WARN_UNREACHABLE_CODE = YES;
				CLANG_WARN__DUPLICATE_METHOD_MATCH = YES;
				COPY_PHASE_STRIP = NO;
				DEBUG_INFORMATION_FORMAT = dwarf;
				ENABLE_STRICT_OBJC_MSGSEND = YES;
				ENABLE_TESTABILITY = YES;
				GCC_C_LANGUAGE_STANDARD = gnu11;
				GCC_DYNAMIC_NO_PIC = NO;
				GCC_NO_COMMON_BLOCKS = YES;
				GCC_OPTIMIZATION_LEVEL = 0;
				GCC_PREPROCESSOR_DEFINITIONS = (
					"DEBUG=1",
					"$(inherited)",
				);
				GCC_WARN_64_TO_32_BIT_CONVERSION = YES;
				GCC_WARN_ABOUT_RETURN_TYPE = YES_ERROR;
				GCC_WARN_UNDECLARED_SELECTOR = YES;
				GCC_WARN_UNINITIALIZED_AUTOS = YES_AGGRESSIVE;
				GCC_WARN_UNUSED_FUNCTION = YES;
				GCC_WARN_UNUSED_VARIABLE = YES;
				IPHONEOS_DEPLOYMENT_TARGET = 13.6;
				MTL_ENABLE_DEBUG_INFO = INCLUDE_SOURCE;
				MTL_FAST_MATH = YES;
				ONLY_ACTIVE_ARCH = YES;
				SDKROOT = iphoneos;
				SWIFT_ACTIVE_COMPILATION_CONDITIONS = DEBUG;
				SWIFT_OPTIMIZATION_LEVEL = "-Onone";
			};
			name = Debug;
		};
		A320EBE724D4A91C00737CCE /* Release */ = {
			isa = XCBuildConfiguration;
			buildSettings = {
				ALWAYS_SEARCH_USER_PATHS = NO;
				CLANG_ANALYZER_NONNULL = YES;
				CLANG_ANALYZER_NUMBER_OBJECT_CONVERSION = YES_AGGRESSIVE;
				CLANG_CXX_LANGUAGE_STANDARD = "gnu++14";
				CLANG_CXX_LIBRARY = "libc++";
				CLANG_ENABLE_MODULES = YES;
				CLANG_ENABLE_OBJC_ARC = YES;
				CLANG_ENABLE_OBJC_WEAK = YES;
				CLANG_WARN_BLOCK_CAPTURE_AUTORELEASING = YES;
				CLANG_WARN_BOOL_CONVERSION = YES;
				CLANG_WARN_COMMA = YES;
				CLANG_WARN_CONSTANT_CONVERSION = YES;
				CLANG_WARN_DEPRECATED_OBJC_IMPLEMENTATIONS = YES;
				CLANG_WARN_DIRECT_OBJC_ISA_USAGE = YES_ERROR;
				CLANG_WARN_DOCUMENTATION_COMMENTS = YES;
				CLANG_WARN_EMPTY_BODY = YES;
				CLANG_WARN_ENUM_CONVERSION = YES;
				CLANG_WARN_INFINITE_RECURSION = YES;
				CLANG_WARN_INT_CONVERSION = YES;
				CLANG_WARN_NON_LITERAL_NULL_CONVERSION = YES;
				CLANG_WARN_OBJC_IMPLICIT_RETAIN_SELF = YES;
				CLANG_WARN_OBJC_LITERAL_CONVERSION = YES;
				CLANG_WARN_OBJC_ROOT_CLASS = YES_ERROR;
				CLANG_WARN_RANGE_LOOP_ANALYSIS = YES;
				CLANG_WARN_STRICT_PROTOTYPES = YES;
				CLANG_WARN_SUSPICIOUS_MOVE = YES;
				CLANG_WARN_UNGUARDED_AVAILABILITY = YES_AGGRESSIVE;
				CLANG_WARN_UNREACHABLE_CODE = YES;
				CLANG_WARN__DUPLICATE_METHOD_MATCH = YES;
				COPY_PHASE_STRIP = NO;
				DEBUG_INFORMATION_FORMAT = "dwarf-with-dsym";
				ENABLE_NS_ASSERTIONS = NO;
				ENABLE_STRICT_OBJC_MSGSEND = YES;
				GCC_C_LANGUAGE_STANDARD = gnu11;
				GCC_NO_COMMON_BLOCKS = YES;
				GCC_WARN_64_TO_32_BIT_CONVERSION = YES;
				GCC_WARN_ABOUT_RETURN_TYPE = YES_ERROR;
				GCC_WARN_UNDECLARED_SELECTOR = YES;
				GCC_WARN_UNINITIALIZED_AUTOS = YES_AGGRESSIVE;
				GCC_WARN_UNUSED_FUNCTION = YES;
				GCC_WARN_UNUSED_VARIABLE = YES;
				IPHONEOS_DEPLOYMENT_TARGET = 13.6;
				MTL_ENABLE_DEBUG_INFO = NO;
				MTL_FAST_MATH = YES;
				SDKROOT = iphoneos;
				SWIFT_COMPILATION_MODE = wholemodule;
				SWIFT_OPTIMIZATION_LEVEL = "-O";
				VALIDATE_PRODUCT = YES;
			};
			name = Release;
		};
		A320EBE924D4A91C00737CCE /* Debug */ = {
			isa = XCBuildConfiguration;
			baseConfigurationReference = 5EB9855AD6BBB4587AB8A5B8 /* Pods-EduCare.debug.xcconfig */;
			buildSettings = {
				ASSETCATALOG_COMPILER_APPICON_NAME = AppIcon;
				CODE_SIGN_STYLE = Automatic;
				DEVELOPMENT_TEAM = HY7SB46897;
				INFOPLIST_FILE = EduCare/Info.plist;
				LD_RUNPATH_SEARCH_PATHS = (
					"$(inherited)",
					"@executable_path/Frameworks",
				);
				PRODUCT_BUNDLE_IDENTIFIER = com.sejalkanikaram.EduCare;
				PRODUCT_NAME = "$(TARGET_NAME)";
				SWIFT_VERSION = 5.0;
				TARGETED_DEVICE_FAMILY = "1,2";
			};
			name = Debug;
		};
		A320EBEA24D4A91C00737CCE /* Release */ = {
			isa = XCBuildConfiguration;
			baseConfigurationReference = 00767A82BF5C54D2803E7492 /* Pods-EduCare.release.xcconfig */;
			buildSettings = {
				ASSETCATALOG_COMPILER_APPICON_NAME = AppIcon;
				CODE_SIGN_STYLE = Automatic;
				DEVELOPMENT_TEAM = HY7SB46897;
				INFOPLIST_FILE = EduCare/Info.plist;
				LD_RUNPATH_SEARCH_PATHS = (
					"$(inherited)",
					"@executable_path/Frameworks",
				);
				PRODUCT_BUNDLE_IDENTIFIER = com.sejalkanikaram.EduCare;
				PRODUCT_NAME = "$(TARGET_NAME)";
				SWIFT_VERSION = 5.0;
				TARGETED_DEVICE_FAMILY = "1,2";
			};
			name = Release;
		};
		A320EBEC24D4A91C00737CCE /* Debug */ = {
			isa = XCBuildConfiguration;
			baseConfigurationReference = 7D390D4B729C484F811E3371 /* Pods-EduCareTests.debug.xcconfig */;
			buildSettings = {
				ALWAYS_EMBED_SWIFT_STANDARD_LIBRARIES = YES;
				BUNDLE_LOADER = "$(TEST_HOST)";
				CODE_SIGN_STYLE = Automatic;
				DEVELOPMENT_TEAM = HY7SB46897;
				INFOPLIST_FILE = EduCareTests/Info.plist;
				IPHONEOS_DEPLOYMENT_TARGET = 13.6;
				LD_RUNPATH_SEARCH_PATHS = (
					"$(inherited)",
					"@executable_path/Frameworks",
					"@loader_path/Frameworks",
				);
				PRODUCT_BUNDLE_IDENTIFIER = com.sejalkanikaram.EduCareTests;
				PRODUCT_NAME = "$(TARGET_NAME)";
				SWIFT_VERSION = 5.0;
				TARGETED_DEVICE_FAMILY = "1,2";
				TEST_HOST = "$(BUILT_PRODUCTS_DIR)/EduCare.app/EduCare";
			};
			name = Debug;
		};
		A320EBED24D4A91C00737CCE /* Release */ = {
			isa = XCBuildConfiguration;
			baseConfigurationReference = F0F9E25EF7B0B89898FBCC92 /* Pods-EduCareTests.release.xcconfig */;
			buildSettings = {
				ALWAYS_EMBED_SWIFT_STANDARD_LIBRARIES = YES;
				BUNDLE_LOADER = "$(TEST_HOST)";
				CODE_SIGN_STYLE = Automatic;
				DEVELOPMENT_TEAM = HY7SB46897;
				INFOPLIST_FILE = EduCareTests/Info.plist;
				IPHONEOS_DEPLOYMENT_TARGET = 13.6;
				LD_RUNPATH_SEARCH_PATHS = (
					"$(inherited)",
					"@executable_path/Frameworks",
					"@loader_path/Frameworks",
				);
				PRODUCT_BUNDLE_IDENTIFIER = com.sejalkanikaram.EduCareTests;
				PRODUCT_NAME = "$(TARGET_NAME)";
				SWIFT_VERSION = 5.0;
				TARGETED_DEVICE_FAMILY = "1,2";
				TEST_HOST = "$(BUILT_PRODUCTS_DIR)/EduCare.app/EduCare";
			};
			name = Release;
		};
		A320EBEF24D4A91C00737CCE /* Debug */ = {
			isa = XCBuildConfiguration;
			baseConfigurationReference = 5F069E6F1D059FEB5526EF23 /* Pods-EduCare-EduCareUITests.debug.xcconfig */;
			buildSettings = {
				ALWAYS_EMBED_SWIFT_STANDARD_LIBRARIES = YES;
				CODE_SIGN_STYLE = Automatic;
				DEVELOPMENT_TEAM = HY7SB46897;
				INFOPLIST_FILE = EduCareUITests/Info.plist;
				LD_RUNPATH_SEARCH_PATHS = (
					"$(inherited)",
					"@executable_path/Frameworks",
					"@loader_path/Frameworks",
				);
				PRODUCT_BUNDLE_IDENTIFIER = com.sejalkanikaram.EduCareUITests;
				PRODUCT_NAME = "$(TARGET_NAME)";
				SWIFT_VERSION = 5.0;
				TARGETED_DEVICE_FAMILY = "1,2";
				TEST_TARGET_NAME = EduCare;
			};
			name = Debug;
		};
		A320EBF024D4A91C00737CCE /* Release */ = {
			isa = XCBuildConfiguration;
			baseConfigurationReference = 662BAA60B62DA09EBBA25251 /* Pods-EduCare-EduCareUITests.release.xcconfig */;
			buildSettings = {
				ALWAYS_EMBED_SWIFT_STANDARD_LIBRARIES = YES;
				CODE_SIGN_STYLE = Automatic;
				DEVELOPMENT_TEAM = HY7SB46897;
				INFOPLIST_FILE = EduCareUITests/Info.plist;
				LD_RUNPATH_SEARCH_PATHS = (
					"$(inherited)",
					"@executable_path/Frameworks",
					"@loader_path/Frameworks",
				);
				PRODUCT_BUNDLE_IDENTIFIER = com.sejalkanikaram.EduCareUITests;
				PRODUCT_NAME = "$(TARGET_NAME)";
				SWIFT_VERSION = 5.0;
				TARGETED_DEVICE_FAMILY = "1,2";
				TEST_TARGET_NAME = EduCare;
			};
			name = Release;
		};
/* End XCBuildConfiguration section */

/* Begin XCConfigurationList section */
		A320EBB924D4A91B00737CCE /* Build configuration list for PBXProject "EduCare" */ = {
			isa = XCConfigurationList;
			buildConfigurations = (
				A320EBE624D4A91C00737CCE /* Debug */,
				A320EBE724D4A91C00737CCE /* Release */,
			);
			defaultConfigurationIsVisible = 0;
			defaultConfigurationName = Release;
		};
		A320EBE824D4A91C00737CCE /* Build configuration list for PBXNativeTarget "EduCare" */ = {
			isa = XCConfigurationList;
			buildConfigurations = (
				A320EBE924D4A91C00737CCE /* Debug */,
				A320EBEA24D4A91C00737CCE /* Release */,
			);
			defaultConfigurationIsVisible = 0;
			defaultConfigurationName = Release;
		};
		A320EBEB24D4A91C00737CCE /* Build configuration list for PBXNativeTarget "EduCareTests" */ = {
			isa = XCConfigurationList;
			buildConfigurations = (
				A320EBEC24D4A91C00737CCE /* Debug */,
				A320EBED24D4A91C00737CCE /* Release */,
			);
			defaultConfigurationIsVisible = 0;
			defaultConfigurationName = Release;
		};
		A320EBEE24D4A91C00737CCE /* Build configuration list for PBXNativeTarget "EduCareUITests" */ = {
			isa = XCConfigurationList;
			buildConfigurations = (
				A320EBEF24D4A91C00737CCE /* Debug */,
				A320EBF024D4A91C00737CCE /* Release */,
			);
			defaultConfigurationIsVisible = 0;
			defaultConfigurationName = Release;
		};
/* End XCConfigurationList section */
	};
	rootObject = A320EBB624D4A91B00737CCE /* Project object */;
}
